
Microsoft Visual Studio Solution File, Format Version 12.00
# Visual Studio Version 17
VisualStudioVersion = 17.1.32210.238
MinimumVisualStudioVersion = 10.0.40219.1
Project("{FAE04EC0-301F-11D3-BF4B-00C04F79EFBC}") = "ConsoleApp_pdf2", "ConsoleApp_pdf2\ConsoleApp_pdf2.csproj", "{6EA16DDB-A0A7-4921-9F55-359AF20BA301}"
EndProject
Global
	GlobalSection(SolutionConfigurationPlatforms) = preSolution
		Debug|Any CPU = Debug|Any CPU
		Release|Any CPU = Release|Any CPU
	EndGlobalSection
	GlobalSection(ProjectConfigurationPlatforms) = postSolution
		{6EA16DDB-A0A7-4921-9F55-359AF20BA301}.Debug|Any CPU.ActiveCfg = Debug|Any CPU
		{6EA16DDB-A0A7-4921-9F55-359AF20BA301}.Debug|Any CPU.Build.0 = Debug|Any CPU
		{6EA16DDB-A0A7-4921-9F55-359AF20BA301}.Release|Any CPU.ActiveCfg = Release|Any CPU
		{6EA16DDB-A0A7-4921-9F55-359AF20BA301}.Release|Any CPU.Build.0 = Release|Any CPU
	EndGlobalSection
	GlobalSection(SolutionProperties) = preSolution
		HideSolutionNode = FALSE
	EndGlobalSection
	GlobalSection(ExtensibilityGlobals) = postSolution
		SolutionGuid = {0DA3CCD9-9009-49B0-8AB7-77DC77B70E20}
	EndGlobalSection
EndGlobal
